
Microsoft Visual Studio Solution File, Format Version 12.00
# Visual Studio Version 17
VisualStudioVersion = 17.13.35806.99 d17.13
MinimumVisualStudioVersion = 10.0.40219.1
Project("{FAE04EC0-301F-11D3-BF4B-00C04F79EFBC}") = "MottuBracelet", "MottuBracelet\MottuBracelet.csproj", "{A90D5089-795D-456B-B206-264A955773F8}"
EndProject
Global
	GlobalSection(SolutionConfigurationPlatforms) = preSolution
		Debug|Any CPU = Debug|Any CPU
		Release|Any CPU = Release|Any CPU
	EndGlobalSection
	GlobalSection(ProjectConfigurationPlatforms) = postSolution
		{A90D5089-795D-456B-B206-264A955773F8}.Debug|Any CPU.ActiveCfg = Debug|Any CPU
		{A90D5089-795D-456B-B206-264A955773F8}.Debug|Any CPU.Build.0 = Debug|Any CPU
		{A90D5089-795D-456B-B206-264A955773F8}.Release|Any CPU.ActiveCfg = Release|Any CPU
		{A90D5089-795D-456B-B206-264A955773F8}.Release|Any CPU.Build.0 = Release|Any CPU
	EndGlobalSection
	GlobalSection(SolutionProperties) = preSolution
		HideSolutionNode = FALSE
	EndGlobalSection
	GlobalSection(ExtensibilityGlobals) = postSolution
		SolutionGuid = {2C698AEA-D439-4359-916C-FD84A63BB5A6}
	EndGlobalSection
EndGlobal
